
Microsoft Visual Studio Solution File, Format Version 12.00
# Visual Studio Version 17
VisualStudioVersion = 17.0.32014.148
MinimumVisualStudioVersion = 10.0.40219.1
Project("{9A19103F-16F7-4668-BE54-9A1E7A4F7556}") = "DotNetExamplesAndNotes.ConsoleApp", "ConsoleApp2\DotNetExamplesAndNotes.ConsoleApp.csproj", "{CAAFDA98-7285-476B-BCB8-27CEBDEAC50A}"
EndProject
Project("{2150E333-8FDC-42A3-9474-1A3956D46DE8}") = "Solution Items", "Solution Items", "{1924D20A-CF42-4EF6-9C1E-1DE586EE1D06}"
	ProjectSection(SolutionItems) = preProject
		.editorconfig = .editorconfig
	EndProjectSection
EndProject
Project("{9A19103F-16F7-4668-BE54-9A1E7A4F7556}") = "DotNetExamplesAndNotes.TestProject", "TestProject1\DotNetExamplesAndNotes.TestProject.csproj", "{7901C384-8224-4FC2-AAA1-6FBBE82FD893}"
EndProject
Project("{9A19103F-16F7-4668-BE54-9A1E7A4F7556}") = "DotNetExamplesAndNotes.AspNetCoreApi", "DotNetExamplesAndNotes.AspNetCoreApi\DotNetExamplesAndNotes.AspNetCoreApi.csproj", "{269E0EB1-F073-4EC4-BFFB-F8F55A17B8A3}"
EndProject
Project("{2150E333-8FDC-42A3-9474-1A3956D46DE8}") = "WebApi", "WebApi", "{B46BF00B-038A-4B53-BBC5-2AF4E0BA73FA}"
EndProject
Project("{9A19103F-16F7-4668-BE54-9A1E7A4F7556}") = "DotNetExamplesAndNotes.WebApiDAL", "DotNetExamplesAndNotes.WebApiDAL\DotNetExamplesAndNotes.WebApiDAL.csproj", "{BBFBDF27-9F04-4BD8-AA27-23E05D3308AF}"
EndProject
Project("{2150E333-8FDC-42A3-9474-1A3956D46DE8}") = "BlazorWebApp", "BlazorWebApp", "{71FA414A-4444-4BB4-B6A8-402DAD073EF9}"
EndProject
Project("{9A19103F-16F7-4668-BE54-9A1E7A4F7556}") = "BlazorWebApp.Server", "BlazorWebApp\Server\BlazorWebApp.Server.csproj", "{E3AA4EEA-2AA1-400F-985E-1C7962752BFB}"
EndProject
Project("{9A19103F-16F7-4668-BE54-9A1E7A4F7556}") = "BlazorWebApp.Client", "BlazorWebApp\Client\BlazorWebApp.Client.csproj", "{CEF215F9-5EEB-45DB-A5F9-27F7429978CD}"
EndProject
Project("{9A19103F-16F7-4668-BE54-9A1E7A4F7556}") = "BlazorWebApp.Shared", "BlazorWebApp\Shared\BlazorWebApp.Shared.csproj", "{7B3FD333-96B5-43E0-BFD5-D3380E5E8F42}"
EndProject
Project("{9A19103F-16F7-4668-BE54-9A1E7A4F7556}") = "BlazorWebApp.SignalRServer", "BlazorWebApp.SignalRServer\BlazorWebApp.SignalRServer.csproj", "{462AF203-BAC5-4635-A4DE-DA23765BBB46}"
EndProject
Global
	GlobalSection(SolutionConfigurationPlatforms) = preSolution
		Debug|Any CPU = Debug|Any CPU
		Debug|x64 = Debug|x64
		Debug|x86 = Debug|x86
		Release|Any CPU = Release|Any CPU
		Release|x64 = Release|x64
		Release|x86 = Release|x86
	EndGlobalSection
	GlobalSection(ProjectConfigurationPlatforms) = postSolution
		{CAAFDA98-7285-476B-BCB8-27CEBDEAC50A}.Debug|Any CPU.ActiveCfg = Debug|Any CPU
		{CAAFDA98-7285-476B-BCB8-27CEBDEAC50A}.Debug|Any CPU.Build.0 = Debug|Any CPU
		{CAAFDA98-7285-476B-BCB8-27CEBDEAC50A}.Debug|x64.ActiveCfg = Debug|x64
		{CAAFDA98-7285-476B-BCB8-27CEBDEAC50A}.Debug|x64.Build.0 = Debug|x64
		{CAAFDA98-7285-476B-BCB8-27CEBDEAC50A}.Debug|x86.ActiveCfg = Debug|x86
		{CAAFDA98-7285-476B-BCB8-27CEBDEAC50A}.Debug|x86.Build.0 = Debug|x86
		{CAAFDA98-7285-476B-BCB8-27CEBDEAC50A}.Release|Any CPU.ActiveCfg = Release|Any CPU
		{CAAFDA98-7285-476B-BCB8-27CEBDEAC50A}.Release|Any CPU.Build.0 = Release|Any CPU
		{CAAFDA98-7285-476B-BCB8-27CEBDEAC50A}.Release|x64.ActiveCfg = Release|x64
		{CAAFDA98-7285-476B-BCB8-27CEBDEAC50A}.Release|x64.Build.0 = Release|x64
		{CAAFDA98-7285-476B-BCB8-27CEBDEAC50A}.Release|x86.ActiveCfg = Release|x86
		{CAAFDA98-7285-476B-BCB8-27CEBDEAC50A}.Release|x86.Build.0 = Release|x86
		{7901C384-8224-4FC2-AAA1-6FBBE82FD893}.Debug|Any CPU.ActiveCfg = Debug|Any CPU
		{7901C384-8224-4FC2-AAA1-6FBBE82FD893}.Debug|Any CPU.Build.0 = Debug|Any CPU
		{7901C384-8224-4FC2-AAA1-6FBBE82FD893}.Debug|x64.ActiveCfg = Debug|Any CPU
		{7901C384-8224-4FC2-AAA1-6FBBE82FD893}.Debug|x64.Build.0 = Debug|Any CPU
		{7901C384-8224-4FC2-AAA1-6FBBE82FD893}.Debug|x86.ActiveCfg = Debug|Any CPU
		{7901C384-8224-4FC2-AAA1-6FBBE82FD893}.Debug|x86.Build.0 = Debug|Any CPU
		{7901C384-8224-4FC2-AAA1-6FBBE82FD893}.Release|Any CPU.ActiveCfg = Release|Any CPU
		{7901C384-8224-4FC2-AAA1-6FBBE82FD893}.Release|Any CPU.Build.0 = Release|Any CPU
		{7901C384-8224-4FC2-AAA1-6FBBE82FD893}.Release|x64.ActiveCfg = Release|Any CPU
		{7901C384-8224-4FC2-AAA1-6FBBE82FD893}.Release|x64.Build.0 = Release|Any CPU
		{7901C384-8224-4FC2-AAA1-6FBBE82FD893}.Release|x86.ActiveCfg = Release|Any CPU
		{7901C384-8224-4FC2-AAA1-6FBBE82FD893}.Release|x86.Build.0 = Release|Any CPU
		{269E0EB1-F073-4EC4-BFFB-F8F55A17B8A3}.Debug|Any CPU.ActiveCfg = Debug|Any CPU
		{269E0EB1-F073-4EC4-BFFB-F8F55A17B8A3}.Debug|Any CPU.Build.0 = Debug|Any CPU
		{269E0EB1-F073-4EC4-BFFB-F8F55A17B8A3}.Debug|x64.ActiveCfg = Debug|Any CPU
		{269E0EB1-F073-4EC4-BFFB-F8F55A17B8A3}.Debug|x64.Build.0 = Debug|Any CPU
		{269E0EB1-F073-4EC4-BFFB-F8F55A17B8A3}.Debug|x86.ActiveCfg = Debug|Any CPU
		{269E0EB1-F073-4EC4-BFFB-F8F55A17B8A3}.Debug|x86.Build.0 = Debug|Any CPU
		{269E0EB1-F073-4EC4-BFFB-F8F55A17B8A3}.Release|Any CPU.ActiveCfg = Release|Any CPU
		{269E0EB1-F073-4EC4-BFFB-F8F55A17B8A3}.Release|Any CPU.Build.0 = Release|Any CPU
		{269E0EB1-F073-4EC4-BFFB-F8F55A17B8A3}.Release|x64.ActiveCfg = Release|Any CPU
		{269E0EB1-F073-4EC4-BFFB-F8F55A17B8A3}.Release|x64.Build.0 = Release|Any CPU
		{269E0EB1-F073-4EC4-BFFB-F8F55A17B8A3}.Release|x86.ActiveCfg = Release|Any CPU
		{269E0EB1-F073-4EC4-BFFB-F8F55A17B8A3}.Release|x86.Build.0 = Release|Any CPU
		{BBFBDF27-9F04-4BD8-AA27-23E05D3308AF}.Debug|Any CPU.ActiveCfg = Debug|Any CPU
		{BBFBDF27-9F04-4BD8-AA27-23E05D3308AF}.Debug|Any CPU.Build.0 = Debug|Any CPU
		{BBFBDF27-9F04-4BD8-AA27-23E05D3308AF}.Debug|x64.ActiveCfg = Debug|Any CPU
		{BBFBDF27-9F04-4BD8-AA27-23E05D3308AF}.Debug|x64.Build.0 = Debug|Any CPU
		{BBFBDF27-9F04-4BD8-AA27-23E05D3308AF}.Debug|x86.ActiveCfg = Debug|Any CPU
		{BBFBDF27-9F04-4BD8-AA27-23E05D3308AF}.Debug|x86.Build.0 = Debug|Any CPU
		{BBFBDF27-9F04-4BD8-AA27-23E05D3308AF}.Release|Any CPU.ActiveCfg = Release|Any CPU
		{BBFBDF27-9F04-4BD8-AA27-23E05D3308AF}.Release|Any CPU.Build.0 = Release|Any CPU
		{BBFBDF27-9F04-4BD8-AA27-23E05D3308AF}.Release|x64.ActiveCfg = Release|Any CPU
		{BBFBDF27-9F04-4BD8-AA27-23E05D3308AF}.Release|x64.Build.0 = Release|Any CPU
		{BBFBDF27-9F04-4BD8-AA27-23E05D3308AF}.Release|x86.ActiveCfg = Release|Any CPU
		{BBFBDF27-9F04-4BD8-AA27-23E05D3308AF}.Release|x86.Build.0 = Release|Any CPU
		{E3AA4EEA-2AA1-400F-985E-1C7962752BFB}.Debug|Any CPU.ActiveCfg = Debug|Any CPU
		{E3AA4EEA-2AA1-400F-985E-1C7962752BFB}.Debug|Any CPU.Build.0 = Debug|Any CPU
		{E3AA4EEA-2AA1-400F-985E-1C7962752BFB}.Debug|x64.ActiveCfg = Debug|Any CPU
		{E3AA4EEA-2AA1-400F-985E-1C7962752BFB}.Debug|x64.Build.0 = Debug|Any CPU
		{E3AA4EEA-2AA1-400F-985E-1C7962752BFB}.Debug|x86.ActiveCfg = Debug|Any CPU
		{E3AA4EEA-2AA1-400F-985E-1C7962752BFB}.Debug|x86.Build.0 = Debug|Any CPU
		{E3AA4EEA-2AA1-400F-985E-1C7962752BFB}.Release|Any CPU.ActiveCfg = Release|Any CPU
		{E3AA4EEA-2AA1-400F-985E-1C7962752BFB}.Release|Any CPU.Build.0 = Release|Any CPU
		{E3AA4EEA-2AA1-400F-985E-1C7962752BFB}.Release|x64.ActiveCfg = Release|Any CPU
		{E3AA4EEA-2AA1-400F-985E-1C7962752BFB}.Release|x64.Build.0 = Release|Any CPU
		{E3AA4EEA-2AA1-400F-985E-1C7962752BFB}.Release|x86.ActiveCfg = Release|Any CPU
		{E3AA4EEA-2AA1-400F-985E-1C7962752BFB}.Release|x86.Build.0 = Release|Any CPU
		{CEF215F9-5EEB-45DB-A5F9-27F7429978CD}.Debug|Any CPU.ActiveCfg = Debug|Any CPU
		{CEF215F9-5EEB-45DB-A5F9-27F7429978CD}.Debug|Any CPU.Build.0 = Debug|Any CPU
		{CEF215F9-5EEB-45DB-A5F9-27F7429978CD}.Debug|x64.ActiveCfg = Debug|Any CPU
		{CEF215F9-5EEB-45DB-A5F9-27F7429978CD}.Debug|x64.Build.0 = Debug|Any CPU
		{CEF215F9-5EEB-45DB-A5F9-27F7429978CD}.Debug|x86.ActiveCfg = Debug|Any CPU
		{CEF215F9-5EEB-45DB-A5F9-27F7429978CD}.Debug|x86.Build.0 = Debug|Any CPU
		{CEF215F9-5EEB-45DB-A5F9-27F7429978CD}.Release|Any CPU.ActiveCfg = Release|Any CPU
		{CEF215F9-5EEB-45DB-A5F9-27F7429978CD}.Release|Any CPU.Build.0 = Release|Any CPU
		{CEF215F9-5EEB-45DB-A5F9-27F7429978CD}.Release|x64.ActiveCfg = Release|Any CPU
		{CEF215F9-5EEB-45DB-A5F9-27F7429978CD}.Release|x64.Build.0 = Release|Any CPU
		{CEF215F9-5EEB-45DB-A5F9-27F7429978CD}.Release|x86.ActiveCfg = Release|Any CPU
		{CEF215F9-5EEB-45DB-A5F9-27F7429978CD}.Release|x86.Build.0 = Release|Any CPU
		{7B3FD333-96B5-43E0-BFD5-D3380E5E8F42}.Debug|Any CPU.ActiveCfg = Debug|Any CPU
		{7B3FD333-96B5-43E0-BFD5-D3380E5E8F42}.Debug|Any CPU.Build.0 = Debug|Any CPU
		{7B3FD333-96B5-43E0-BFD5-D3380E5E8F42}.Debug|x64.ActiveCfg = Debug|Any CPU
		{7B3FD333-96B5-43E0-BFD5-D3380E5E8F42}.Debug|x64.Build.0 = Debug|Any CPU
		{7B3FD333-96B5-43E0-BFD5-D3380E5E8F42}.Debug|x86.ActiveCfg = Debug|Any CPU
		{7B3FD333-96B5-43E0-BFD5-D3380E5E8F42}.Debug|x86.Build.0 = Debug|Any CPU
		{7B3FD333-96B5-43E0-BFD5-D3380E5E8F42}.Release|Any CPU.ActiveCfg = Release|Any CPU
		{7B3FD333-96B5-43E0-BFD5-D3380E5E8F42}.Release|Any CPU.Build.0 = Release|Any CPU
		{7B3FD333-96B5-43E0-BFD5-D3380E5E8F42}.Release|x64.ActiveCfg = Release|Any CPU
		{7B3FD333-96B5-43E0-BFD5-D3380E5E8F42}.Release|x64.Build.0 = Release|Any CPU
		{7B3FD333-96B5-43E0-BFD5-D3380E5E8F42}.Release|x86.ActiveCfg = Release|Any CPU
		{7B3FD333-96B5-43E0-BFD5-D3380E5E8F42}.Release|x86.Build.0 = Release|Any CPU
		{462AF203-BAC5-4635-A4DE-DA23765BBB46}.Debug|Any CPU.ActiveCfg = Debug|Any CPU
		{462AF203-BAC5-4635-A4DE-DA23765BBB46}.Debug|Any CPU.Build.0 = Debug|Any CPU
		{462AF203-BAC5-4635-A4DE-DA23765BBB46}.Debug|x64.ActiveCfg = Debug|Any CPU
		{462AF203-BAC5-4635-A4DE-DA23765BBB46}.Debug|x64.Build.0 = Debug|Any CPU
		{462AF203-BAC5-4635-A4DE-DA23765BBB46}.Debug|x86.ActiveCfg = Debug|Any CPU
		{462AF203-BAC5-4635-A4DE-DA23765BBB46}.Debug|x86.Build.0 = Debug|Any CPU
		{462AF203-BAC5-4635-A4DE-DA23765BBB46}.Release|Any CPU.ActiveCfg = Release|Any CPU
		{462AF203-BAC5-4635-A4DE-DA23765BBB46}.Release|Any CPU.Build.0 = Release|Any CPU
		{462AF203-BAC5-4635-A4DE-DA23765BBB46}.Release|x64.ActiveCfg = Release|Any CPU
		{462AF203-BAC5-4635-A4DE-DA23765BBB46}.Release|x64.Build.0 = Release|Any CPU
		{462AF203-BAC5-4635-A4DE-DA23765BBB46}.Release|x86.ActiveCfg = Release|Any CPU
		{462AF203-BAC5-4635-A4DE-DA23765BBB46}.Release|x86.Build.0 = Release|Any CPU
	EndGlobalSection
	GlobalSection(SolutionProperties) = preSolution
		HideSolutionNode = FALSE
	EndGlobalSection
	GlobalSection(NestedProjects) = preSolution
		{269E0EB1-F073-4EC4-BFFB-F8F55A17B8A3} = {B46BF00B-038A-4B53-BBC5-2AF4E0BA73FA}
		{BBFBDF27-9F04-4BD8-AA27-23E05D3308AF} = {B46BF00B-038A-4B53-BBC5-2AF4E0BA73FA}
		{E3AA4EEA-2AA1-400F-985E-1C7962752BFB} = {71FA414A-4444-4BB4-B6A8-402DAD073EF9}
		{CEF215F9-5EEB-45DB-A5F9-27F7429978CD} = {71FA414A-4444-4BB4-B6A8-402DAD073EF9}
		{7B3FD333-96B5-43E0-BFD5-D3380E5E8F42} = {71FA414A-4444-4BB4-B6A8-402DAD073EF9}
		{462AF203-BAC5-4635-A4DE-DA23765BBB46} = {71FA414A-4444-4BB4-B6A8-402DAD073EF9}
	EndGlobalSection
	GlobalSection(ExtensibilityGlobals) = postSolution
		SolutionGuid = {ABCD45BE-0C91-46B7-9273-11A8ED549B75}
	EndGlobalSection
EndGlobal
